
Microsoft Visual Studio Solution File, Format Version 12.00
# Visual Studio Version 17
Project("{2150E333-8FDC-42A3-9474-1A3956D46DE8}") = "CMakePredefinedTargets", "CMakePredefinedTargets", "{DE4BAB22-59F6-39F4-A587-2F01974E39D5}"
EndProject
Project("{2150E333-8FDC-42A3-9474-1A3956D46DE8}") = "External", "External", "{DAA79D56-DA6F-3388-A427-AE69A4C79966}"
EndProject
Project("{2150E333-8FDC-42A3-9474-1A3956D46DE8}") = "Internal", "Internal", "{D9E73971-857D-35A2-8ECA-1BBFE63DE84E}"
EndProject
Project("{2150E333-8FDC-42A3-9474-1A3956D46DE8}") = "Utils", "Utils", "{78DC59BE-3276-3884-B442-A37537DD264C}"
EndProject
Project("{8BC9CEB8-8B4A-11D0-8D11-00A0C91BC942}") = "ALL_BUILD", "ALL_BUILD.vcxproj", "{AAA24B9D-507B-32D2-A200-C3B28CBB9C90}"
	ProjectSection(ProjectDependencies) = postProject
		{197B2849-EF7A-3AF6-A538-FF616971CF93} = {197B2849-EF7A-3AF6-A538-FF616971CF93}
		{D34A909A-D38D-3A47-BEF5-DF59342A6565} = {D34A909A-D38D-3A47-BEF5-DF59342A6565}
		{06E00081-0D44-3622-B200-FD11AA92BFC4} = {06E00081-0D44-3622-B200-FD11AA92BFC4}
		{300E0603-A9FF-3FA2-9664-1B1EBEDF5120} = {300E0603-A9FF-3FA2-9664-1B1EBEDF5120}
		{35512873-86E1-3A66-BB72-CC6E7D6734CA} = {35512873-86E1-3A66-BB72-CC6E7D6734CA}
		{380547FF-1F41-36CC-A328-1DB020E1B7B0} = {380547FF-1F41-36CC-A328-1DB020E1B7B0}
		{7DD1AE55-9C49-3BC7-8C2A-DFE037E3CDB3} = {7DD1AE55-9C49-3BC7-8C2A-DFE037E3CDB3}
		{2B6A06BB-400A-323F-BFB5-FC2705164DF3} = {2B6A06BB-400A-323F-BFB5-FC2705164DF3}
		{954FDF6B-A49D-343F-AF75-8707A56DCDDF} = {954FDF6B-A49D-343F-AF75-8707A56DCDDF}
		{A821EB6C-178E-387C-9BFE-DC4AD3423884} = {A821EB6C-178E-387C-9BFE-DC4AD3423884}
		{DA3D24CD-45BD-3B9E-9249-86783C9A9A6F} = {DA3D24CD-45BD-3B9E-9249-86783C9A9A6F}
		{6982F39A-348B-3A2C-B9EE-3AFD4175B280} = {6982F39A-348B-3A2C-B9EE-3AFD4175B280}
		{32D331EE-70BD-3E08-AD71-0421DA3538BE} = {32D331EE-70BD-3E08-AD71-0421DA3538BE}
		{EB05CDC1-A7DB-3380-A669-49370A01547A} = {EB05CDC1-A7DB-3380-A669-49370A01547A}
		{93F3B453-384F-3396-A6AF-A2B97222ECFA} = {93F3B453-384F-3396-A6AF-A2B97222ECFA}
	EndProjectSection
EndProject
Project("{8BC9CEB8-8B4A-11D0-8D11-00A0C91BC942}") = "Clash_of_Clans", "Clash_of_Clans.vcxproj", "{197B2849-EF7A-3AF6-A538-FF616971CF93}"
	ProjectSection(ProjectDependencies) = postProject
		{D34A909A-D38D-3A47-BEF5-DF59342A6565} = {D34A909A-D38D-3A47-BEF5-DF59342A6565}
		{06E00081-0D44-3622-B200-FD11AA92BFC4} = {06E00081-0D44-3622-B200-FD11AA92BFC4}
		{300E0603-A9FF-3FA2-9664-1B1EBEDF5120} = {300E0603-A9FF-3FA2-9664-1B1EBEDF5120}
		{35512873-86E1-3A66-BB72-CC6E7D6734CA} = {35512873-86E1-3A66-BB72-CC6E7D6734CA}
		{380547FF-1F41-36CC-A328-1DB020E1B7B0} = {380547FF-1F41-36CC-A328-1DB020E1B7B0}
		{7DD1AE55-9C49-3BC7-8C2A-DFE037E3CDB3} = {7DD1AE55-9C49-3BC7-8C2A-DFE037E3CDB3}
		{2B6A06BB-400A-323F-BFB5-FC2705164DF3} = {2B6A06BB-400A-323F-BFB5-FC2705164DF3}
		{954FDF6B-A49D-343F-AF75-8707A56DCDDF} = {954FDF6B-A49D-343F-AF75-8707A56DCDDF}
		{A821EB6C-178E-387C-9BFE-DC4AD3423884} = {A821EB6C-178E-387C-9BFE-DC4AD3423884}
		{DA3D24CD-45BD-3B9E-9249-86783C9A9A6F} = {DA3D24CD-45BD-3B9E-9249-86783C9A9A6F}
		{6982F39A-348B-3A2C-B9EE-3AFD4175B280} = {6982F39A-348B-3A2C-B9EE-3AFD4175B280}
		{32D331EE-70BD-3E08-AD71-0421DA3538BE} = {32D331EE-70BD-3E08-AD71-0421DA3538BE}
		{EB05CDC1-A7DB-3380-A669-49370A01547A} = {EB05CDC1-A7DB-3380-A669-49370A01547A}
		{93F3B453-384F-3396-A6AF-A2B97222ECFA} = {93F3B453-384F-3396-A6AF-A2B97222ECFA}
	EndProjectSection
EndProject
Project("{8BC9CEB8-8B4A-11D0-8D11-00A0C91BC942}") = "SYNC_RESOURCE-Clash_of_Clans", "SYNC_RESOURCE-Clash_of_Clans.vcxproj", "{D34A909A-D38D-3A47-BEF5-DF59342A6565}"
	ProjectSection(ProjectDependencies) = postProject
		{06E00081-0D44-3622-B200-FD11AA92BFC4} = {06E00081-0D44-3622-B200-FD11AA92BFC4}
	EndProjectSection
EndProject
Project("{8BC9CEB8-8B4A-11D0-8D11-00A0C91BC942}") = "ZERO_CHECK", "ZERO_CHECK.vcxproj", "{06E00081-0D44-3622-B200-FD11AA92BFC4}"
	ProjectSection(ProjectDependencies) = postProject
	EndProjectSection
EndProject
Project("{8BC9CEB8-8B4A-11D0-8D11-00A0C91BC942}") = "cocos2d", "engine\cocos\core\cocos2d.vcxproj", "{300E0603-A9FF-3FA2-9664-1B1EBEDF5120}"
	ProjectSection(ProjectDependencies) = postProject
		{06E00081-0D44-3622-B200-FD11AA92BFC4} = {06E00081-0D44-3622-B200-FD11AA92BFC4}
		{35512873-86E1-3A66-BB72-CC6E7D6734CA} = {35512873-86E1-3A66-BB72-CC6E7D6734CA}
		{380547FF-1F41-36CC-A328-1DB020E1B7B0} = {380547FF-1F41-36CC-A328-1DB020E1B7B0}
		{7DD1AE55-9C49-3BC7-8C2A-DFE037E3CDB3} = {7DD1AE55-9C49-3BC7-8C2A-DFE037E3CDB3}
		{2B6A06BB-400A-323F-BFB5-FC2705164DF3} = {2B6A06BB-400A-323F-BFB5-FC2705164DF3}
		{954FDF6B-A49D-343F-AF75-8707A56DCDDF} = {954FDF6B-A49D-343F-AF75-8707A56DCDDF}
		{A821EB6C-178E-387C-9BFE-DC4AD3423884} = {A821EB6C-178E-387C-9BFE-DC4AD3423884}
		{DA3D24CD-45BD-3B9E-9249-86783C9A9A6F} = {DA3D24CD-45BD-3B9E-9249-86783C9A9A6F}
		{6982F39A-348B-3A2C-B9EE-3AFD4175B280} = {6982F39A-348B-3A2C-B9EE-3AFD4175B280}
		{32D331EE-70BD-3E08-AD71-0421DA3538BE} = {32D331EE-70BD-3E08-AD71-0421DA3538BE}
		{EB05CDC1-A7DB-3380-A669-49370A01547A} = {EB05CDC1-A7DB-3380-A669-49370A01547A}
		{93F3B453-384F-3396-A6AF-A2B97222ECFA} = {93F3B453-384F-3396-A6AF-A2B97222ECFA}
	EndProjectSection
EndProject
Project("{8BC9CEB8-8B4A-11D0-8D11-00A0C91BC942}") = "ext_clipper", "engine\external\clipper\ext_clipper.vcxproj", "{35512873-86E1-3A66-BB72-CC6E7D6734CA}"
	ProjectSection(ProjectDependencies) = postProject
		{06E00081-0D44-3622-B200-FD11AA92BFC4} = {06E00081-0D44-3622-B200-FD11AA92BFC4}
	EndProjectSection
EndProject
Project("{8BC9CEB8-8B4A-11D0-8D11-00A0C91BC942}") = "ext_convertUTF", "engine\external\ConvertUTF\ext_convertUTF.vcxproj", "{380547FF-1F41-36CC-A328-1DB020E1B7B0}"
	ProjectSection(ProjectDependencies) = postProject
		{06E00081-0D44-3622-B200-FD11AA92BFC4} = {06E00081-0D44-3622-B200-FD11AA92BFC4}
	EndProjectSection
EndProject
Project("{8BC9CEB8-8B4A-11D0-8D11-00A0C91BC942}") = "ext_edtaa3func", "engine\external\edtaa3func\ext_edtaa3func.vcxproj", "{7DD1AE55-9C49-3BC7-8C2A-DFE037E3CDB3}"
	ProjectSection(ProjectDependencies) = postProject
		{06E00081-0D44-3622-B200-FD11AA92BFC4} = {06E00081-0D44-3622-B200-FD11AA92BFC4}
	EndProjectSection
EndProject
Project("{8BC9CEB8-8B4A-11D0-8D11-00A0C91BC942}") = "ext_md5", "engine\external\md5\ext_md5.vcxproj", "{2B6A06BB-400A-323F-BFB5-FC2705164DF3}"
	ProjectSection(ProjectDependencies) = postProject
		{06E00081-0D44-3622-B200-FD11AA92BFC4} = {06E00081-0D44-3622-B200-FD11AA92BFC4}
	EndProjectSection
EndProject
Project("{8BC9CEB8-8B4A-11D0-8D11-00A0C91BC942}") = "ext_poly2tri", "engine\external\poly2tri\ext_poly2tri.vcxproj", "{954FDF6B-A49D-343F-AF75-8707A56DCDDF}"
	ProjectSection(ProjectDependencies) = postProject
		{06E00081-0D44-3622-B200-FD11AA92BFC4} = {06E00081-0D44-3622-B200-FD11AA92BFC4}
	EndProjectSection
EndProject
Project("{8BC9CEB8-8B4A-11D0-8D11-00A0C91BC942}") = "ext_recast", "engine\external\recast\ext_recast.vcxproj", "{A821EB6C-178E-387C-9BFE-DC4AD3423884}"
	ProjectSection(ProjectDependencies) = postProject
		{06E00081-0D44-3622-B200-FD11AA92BFC4} = {06E00081-0D44-3622-B200-FD11AA92BFC4}
	EndProjectSection
EndProject
Project("{8BC9CEB8-8B4A-11D0-8D11-00A0C91BC942}") = "ext_tinyxml2", "engine\external\tinyxml2\ext_tinyxml2.vcxproj", "{DA3D24CD-45BD-3B9E-9249-86783C9A9A6F}"
	ProjectSection(ProjectDependencies) = postProject
		{06E00081-0D44-3622-B200-FD11AA92BFC4} = {06E00081-0D44-3622-B200-FD11AA92BFC4}
	EndProjectSection
EndProject
Project("{8BC9CEB8-8B4A-11D0-8D11-00A0C91BC942}") = "ext_unzip", "engine\external\unzip\ext_unzip.vcxproj", "{6982F39A-348B-3A2C-B9EE-3AFD4175B280}"
	ProjectSection(ProjectDependencies) = postProject
		{06E00081-0D44-3622-B200-FD11AA92BFC4} = {06E00081-0D44-3622-B200-FD11AA92BFC4}
	EndProjectSection
EndProject
Project("{8BC9CEB8-8B4A-11D0-8D11-00A0C91BC942}") = "ext_xxhash", "engine\external\xxhash\ext_xxhash.vcxproj", "{32D331EE-70BD-3E08-AD71-0421DA3538BE}"
	ProjectSection(ProjectDependencies) = postProject
		{06E00081-0D44-3622-B200-FD11AA92BFC4} = {06E00081-0D44-3622-B200-FD11AA92BFC4}
	EndProjectSection
EndProject
Project("{8BC9CEB8-8B4A-11D0-8D11-00A0C91BC942}") = "ext_xxtea", "engine\external\xxtea\ext_xxtea.vcxproj", "{EB05CDC1-A7DB-3380-A669-49370A01547A}"
	ProjectSection(ProjectDependencies) = postProject
		{06E00081-0D44-3622-B200-FD11AA92BFC4} = {06E00081-0D44-3622-B200-FD11AA92BFC4}
	EndProjectSection
EndProject
Project("{8BC9CEB8-8B4A-11D0-8D11-00A0C91BC942}") = "external", "engine\external\external.vcxproj", "{93F3B453-384F-3396-A6AF-A2B97222ECFA}"
	ProjectSection(ProjectDependencies) = postProject
		{06E00081-0D44-3622-B200-FD11AA92BFC4} = {06E00081-0D44-3622-B200-FD11AA92BFC4}
		{35512873-86E1-3A66-BB72-CC6E7D6734CA} = {35512873-86E1-3A66-BB72-CC6E7D6734CA}
		{380547FF-1F41-36CC-A328-1DB020E1B7B0} = {380547FF-1F41-36CC-A328-1DB020E1B7B0}
		{7DD1AE55-9C49-3BC7-8C2A-DFE037E3CDB3} = {7DD1AE55-9C49-3BC7-8C2A-DFE037E3CDB3}
		{2B6A06BB-400A-323F-BFB5-FC2705164DF3} = {2B6A06BB-400A-323F-BFB5-FC2705164DF3}
		{954FDF6B-A49D-343F-AF75-8707A56DCDDF} = {954FDF6B-A49D-343F-AF75-8707A56DCDDF}
		{A821EB6C-178E-387C-9BFE-DC4AD3423884} = {A821EB6C-178E-387C-9BFE-DC4AD3423884}
		{DA3D24CD-45BD-3B9E-9249-86783C9A9A6F} = {DA3D24CD-45BD-3B9E-9249-86783C9A9A6F}
		{6982F39A-348B-3A2C-B9EE-3AFD4175B280} = {6982F39A-348B-3A2C-B9EE-3AFD4175B280}
		{32D331EE-70BD-3E08-AD71-0421DA3538BE} = {32D331EE-70BD-3E08-AD71-0421DA3538BE}
		{EB05CDC1-A7DB-3380-A669-49370A01547A} = {EB05CDC1-A7DB-3380-A669-49370A01547A}
	EndProjectSection
EndProject
Global
	GlobalSection(SolutionConfigurationPlatforms) = preSolution
		Debug|win32 = Debug|win32
		Release|win32 = Release|win32
		MinSizeRel|win32 = MinSizeRel|win32
		RelWithDebInfo|win32 = RelWithDebInfo|win32
	EndGlobalSection
	GlobalSection(ProjectConfigurationPlatforms) = postSolution
		{AAA24B9D-507B-32D2-A200-C3B28CBB9C90}.Debug|win32.ActiveCfg = Debug|win32
		{AAA24B9D-507B-32D2-A200-C3B28CBB9C90}.Release|win32.ActiveCfg = Release|win32
		{AAA24B9D-507B-32D2-A200-C3B28CBB9C90}.MinSizeRel|win32.ActiveCfg = MinSizeRel|win32
		{AAA24B9D-507B-32D2-A200-C3B28CBB9C90}.RelWithDebInfo|win32.ActiveCfg = RelWithDebInfo|win32
		{197B2849-EF7A-3AF6-A538-FF616971CF93}.Debug|win32.ActiveCfg = Debug|win32
		{197B2849-EF7A-3AF6-A538-FF616971CF93}.Debug|win32.Build.0 = Debug|win32
		{197B2849-EF7A-3AF6-A538-FF616971CF93}.Release|win32.ActiveCfg = Release|win32
		{197B2849-EF7A-3AF6-A538-FF616971CF93}.Release|win32.Build.0 = Release|win32
		{197B2849-EF7A-3AF6-A538-FF616971CF93}.MinSizeRel|win32.ActiveCfg = MinSizeRel|win32
		{197B2849-EF7A-3AF6-A538-FF616971CF93}.MinSizeRel|win32.Build.0 = MinSizeRel|win32
		{197B2849-EF7A-3AF6-A538-FF616971CF93}.RelWithDebInfo|win32.ActiveCfg = RelWithDebInfo|win32
		{197B2849-EF7A-3AF6-A538-FF616971CF93}.RelWithDebInfo|win32.Build.0 = RelWithDebInfo|win32
		{D34A909A-D38D-3A47-BEF5-DF59342A6565}.Debug|win32.ActiveCfg = Debug|win32
		{D34A909A-D38D-3A47-BEF5-DF59342A6565}.Debug|win32.Build.0 = Debug|win32
		{D34A909A-D38D-3A47-BEF5-DF59342A6565}.Release|win32.ActiveCfg = Release|win32
		{D34A909A-D38D-3A47-BEF5-DF59342A6565}.Release|win32.Build.0 = Release|win32
		{D34A909A-D38D-3A47-BEF5-DF59342A6565}.MinSizeRel|win32.ActiveCfg = MinSizeRel|win32
		{D34A909A-D38D-3A47-BEF5-DF59342A6565}.MinSizeRel|win32.Build.0 = MinSizeRel|win32
		{D34A909A-D38D-3A47-BEF5-DF59342A6565}.RelWithDebInfo|win32.ActiveCfg = RelWithDebInfo|win32
		{D34A909A-D38D-3A47-BEF5-DF59342A6565}.RelWithDebInfo|win32.Build.0 = RelWithDebInfo|win32
		{06E00081-0D44-3622-B200-FD11AA92BFC4}.Debug|win32.ActiveCfg = Debug|win32
		{06E00081-0D44-3622-B200-FD11AA92BFC4}.Debug|win32.Build.0 = Debug|win32
		{06E00081-0D44-3622-B200-FD11AA92BFC4}.Release|win32.ActiveCfg = Release|win32
		{06E00081-0D44-3622-B200-FD11AA92BFC4}.Release|win32.Build.0 = Release|win32
		{06E00081-0D44-3622-B200-FD11AA92BFC4}.MinSizeRel|win32.ActiveCfg = MinSizeRel|win32
		{06E00081-0D44-3622-B200-FD11AA92BFC4}.MinSizeRel|win32.Build.0 = MinSizeRel|win32
		{06E00081-0D44-3622-B200-FD11AA92BFC4}.RelWithDebInfo|win32.ActiveCfg = RelWithDebInfo|win32
		{06E00081-0D44-3622-B200-FD11AA92BFC4}.RelWithDebInfo|win32.Build.0 = RelWithDebInfo|win32
		{300E0603-A9FF-3FA2-9664-1B1EBEDF5120}.Debug|win32.ActiveCfg = Debug|win32
		{300E0603-A9FF-3FA2-9664-1B1EBEDF5120}.Debug|win32.Build.0 = Debug|win32
		{300E0603-A9FF-3FA2-9664-1B1EBEDF5120}.Release|win32.ActiveCfg = Release|win32
		{300E0603-A9FF-3FA2-9664-1B1EBEDF5120}.Release|win32.Build.0 = Release|win32
		{300E0603-A9FF-3FA2-9664-1B1EBEDF5120}.MinSizeRel|win32.ActiveCfg = MinSizeRel|win32
		{300E0603-A9FF-3FA2-9664-1B1EBEDF5120}.MinSizeRel|win32.Build.0 = MinSizeRel|win32
		{300E0603-A9FF-3FA2-9664-1B1EBEDF5120}.RelWithDebInfo|win32.ActiveCfg = RelWithDebInfo|win32
		{300E0603-A9FF-3FA2-9664-1B1EBEDF5120}.RelWithDebInfo|win32.Build.0 = RelWithDebInfo|win32
		{35512873-86E1-3A66-BB72-CC6E7D6734CA}.Debug|win32.ActiveCfg = Debug|win32
		{35512873-86E1-3A66-BB72-CC6E7D6734CA}.Debug|win32.Build.0 = Debug|win32
		{35512873-86E1-3A66-BB72-CC6E7D6734CA}.Release|win32.ActiveCfg = Release|win32
		{35512873-86E1-3A66-BB72-CC6E7D6734CA}.Release|win32.Build.0 = Release|win32
		{35512873-86E1-3A66-BB72-CC6E7D6734CA}.MinSizeRel|win32.ActiveCfg = MinSizeRel|win32
		{35512873-86E1-3A66-BB72-CC6E7D6734CA}.MinSizeRel|win32.Build.0 = MinSizeRel|win32
		{35512873-86E1-3A66-BB72-CC6E7D6734CA}.RelWithDebInfo|win32.ActiveCfg = RelWithDebInfo|win32
		{35512873-86E1-3A66-BB72-CC6E7D6734CA}.RelWithDebInfo|win32.Build.0 = RelWithDebInfo|win32
		{380547FF-1F41-36CC-A328-1DB020E1B7B0}.Debug|win32.ActiveCfg = Debug|win32
		{380547FF-1F41-36CC-A328-1DB020E1B7B0}.Debug|win32.Build.0 = Debug|win32
		{380547FF-1F41-36CC-A328-1DB020E1B7B0}.Release|win32.ActiveCfg = Release|win32
		{380547FF-1F41-36CC-A328-1DB020E1B7B0}.Release|win32.Build.0 = Release|win32
		{380547FF-1F41-36CC-A328-1DB020E1B7B0}.MinSizeRel|win32.ActiveCfg = MinSizeRel|win32
		{380547FF-1F41-36CC-A328-1DB020E1B7B0}.MinSizeRel|win32.Build.0 = MinSizeRel|win32
		{380547FF-1F41-36CC-A328-1DB020E1B7B0}.RelWithDebInfo|win32.ActiveCfg = RelWithDebInfo|win32
		{380547FF-1F41-36CC-A328-1DB020E1B7B0}.RelWithDebInfo|win32.Build.0 = RelWithDebInfo|win32
		{7DD1AE55-9C49-3BC7-8C2A-DFE037E3CDB3}.Debug|win32.ActiveCfg = Debug|win32
		{7DD1AE55-9C49-3BC7-8C2A-DFE037E3CDB3}.Debug|win32.Build.0 = Debug|win32
		{7DD1AE55-9C49-3BC7-8C2A-DFE037E3CDB3}.Release|win32.ActiveCfg = Release|win32
		{7DD1AE55-9C49-3BC7-8C2A-DFE037E3CDB3}.Release|win32.Build.0 = Release|win32
		{7DD1AE55-9C49-3BC7-8C2A-DFE037E3CDB3}.MinSizeRel|win32.ActiveCfg = MinSizeRel|win32
		{7DD1AE55-9C49-3BC7-8C2A-DFE037E3CDB3}.MinSizeRel|win32.Build.0 = MinSizeRel|win32
		{7DD1AE55-9C49-3BC7-8C2A-DFE037E3CDB3}.RelWithDebInfo|win32.ActiveCfg = RelWithDebInfo|win32
		{7DD1AE55-9C49-3BC7-8C2A-DFE037E3CDB3}.RelWithDebInfo|win32.Build.0 = RelWithDebInfo|win32
		{2B6A06BB-400A-323F-BFB5-FC2705164DF3}.Debug|win32.ActiveCfg = Debug|win32
		{2B6A06BB-400A-323F-BFB5-FC2705164DF3}.Debug|win32.Build.0 = Debug|win32
		{2B6A06BB-400A-323F-BFB5-FC2705164DF3}.Release|win32.ActiveCfg = Release|win32
		{2B6A06BB-400A-323F-BFB5-FC2705164DF3}.Release|win32.Build.0 = Release|win32
		{2B6A06BB-400A-323F-BFB5-FC2705164DF3}.MinSizeRel|win32.ActiveCfg = MinSizeRel|win32
		{2B6A06BB-400A-323F-BFB5-FC2705164DF3}.MinSizeRel|win32.Build.0 = MinSizeRel|win32
		{2B6A06BB-400A-323F-BFB5-FC2705164DF3}.RelWithDebInfo|win32.ActiveCfg = RelWithDebInfo|win32
		{2B6A06BB-400A-323F-BFB5-FC2705164DF3}.RelWithDebInfo|win32.Build.0 = RelWithDebInfo|win32
		{954FDF6B-A49D-343F-AF75-8707A56DCDDF}.Debug|win32.ActiveCfg = Debug|win32
		{954FDF6B-A49D-343F-AF75-8707A56DCDDF}.Debug|win32.Build.0 = Debug|win32
		{954FDF6B-A49D-343F-AF75-8707A56DCDDF}.Release|win32.ActiveCfg = Release|win32
		{954FDF6B-A49D-343F-AF75-8707A56DCDDF}.Release|win32.Build.0 = Release|win32
		{954FDF6B-A49D-343F-AF75-8707A56DCDDF}.MinSizeRel|win32.ActiveCfg = MinSizeRel|win32
		{954FDF6B-A49D-343F-AF75-8707A56DCDDF}.MinSizeRel|win32.Build.0 = MinSizeRel|win32
		{954FDF6B-A49D-343F-AF75-8707A56DCDDF}.RelWithDebInfo|win32.ActiveCfg = RelWithDebInfo|win32
		{954FDF6B-A49D-343F-AF75-8707A56DCDDF}.RelWithDebInfo|win32.Build.0 = RelWithDebInfo|win32
		{A821EB6C-178E-387C-9BFE-DC4AD3423884}.Debug|win32.ActiveCfg = Debug|win32
		{A821EB6C-178E-387C-9BFE-DC4AD3423884}.Debug|win32.Build.0 = Debug|win32
		{A821EB6C-178E-387C-9BFE-DC4AD3423884}.Release|win32.ActiveCfg = Release|win32
		{A821EB6C-178E-387C-9BFE-DC4AD3423884}.Release|win32.Build.0 = Release|win32
		{A821EB6C-178E-387C-9BFE-DC4AD3423884}.MinSizeRel|win32.ActiveCfg = MinSizeRel|win32
		{A821EB6C-178E-387C-9BFE-DC4AD3423884}.MinSizeRel|win32.Build.0 = MinSizeRel|win32
		{A821EB6C-178E-387C-9BFE-DC4AD3423884}.RelWithDebInfo|win32.ActiveCfg = RelWithDebInfo|win32
		{A821EB6C-178E-387C-9BFE-DC4AD3423884}.RelWithDebInfo|win32.Build.0 = RelWithDebInfo|win32
		{DA3D24CD-45BD-3B9E-9249-86783C9A9A6F}.Debug|win32.ActiveCfg = Debug|win32
		{DA3D24CD-45BD-3B9E-9249-86783C9A9A6F}.Debug|win32.Build.0 = Debug|win32
		{DA3D24CD-45BD-3B9E-9249-86783C9A9A6F}.Release|win32.ActiveCfg = Release|win32
		{DA3D24CD-45BD-3B9E-9249-86783C9A9A6F}.Release|win32.Build.0 = Release|win32
		{DA3D24CD-45BD-3B9E-9249-86783C9A9A6F}.MinSizeRel|win32.ActiveCfg = MinSizeRel|win32
		{DA3D24CD-45BD-3B9E-9249-86783C9A9A6F}.MinSizeRel|win32.Build.0 = MinSizeRel|win32
		{DA3D24CD-45BD-3B9E-9249-86783C9A9A6F}.RelWithDebInfo|win32.ActiveCfg = RelWithDebInfo|win32
		{DA3D24CD-45BD-3B9E-9249-86783C9A9A6F}.RelWithDebInfo|win32.Build.0 = RelWithDebInfo|win32
		{6982F39A-348B-3A2C-B9EE-3AFD4175B280}.Debug|win32.ActiveCfg = Debug|win32
		{6982F39A-348B-3A2C-B9EE-3AFD4175B280}.Debug|win32.Build.0 = Debug|win32
		{6982F39A-348B-3A2C-B9EE-3AFD4175B280}.Release|win32.ActiveCfg = Release|win32
		{6982F39A-348B-3A2C-B9EE-3AFD4175B280}.Release|win32.Build.0 = Release|win32
		{6982F39A-348B-3A2C-B9EE-3AFD4175B280}.MinSizeRel|win32.ActiveCfg = MinSizeRel|win32
		{6982F39A-348B-3A2C-B9EE-3AFD4175B280}.MinSizeRel|win32.Build.0 = MinSizeRel|win32
		{6982F39A-348B-3A2C-B9EE-3AFD4175B280}.RelWithDebInfo|win32.ActiveCfg = RelWithDebInfo|win32
		{6982F39A-348B-3A2C-B9EE-3AFD4175B280}.RelWithDebInfo|win32.Build.0 = RelWithDebInfo|win32
		{32D331EE-70BD-3E08-AD71-0421DA3538BE}.Debug|win32.ActiveCfg = Debug|win32
		{32D331EE-70BD-3E08-AD71-0421DA3538BE}.Debug|win32.Build.0 = Debug|win32
		{32D331EE-70BD-3E08-AD71-0421DA3538BE}.Release|win32.ActiveCfg = Release|win32
		{32D331EE-70BD-3E08-AD71-0421DA3538BE}.Release|win32.Build.0 = Release|win32
		{32D331EE-70BD-3E08-AD71-0421DA3538BE}.MinSizeRel|win32.ActiveCfg = MinSizeRel|win32
		{32D331EE-70BD-3E08-AD71-0421DA3538BE}.MinSizeRel|win32.Build.0 = MinSizeRel|win32
		{32D331EE-70BD-3E08-AD71-0421DA3538BE}.RelWithDebInfo|win32.ActiveCfg = RelWithDebInfo|win32
		{32D331EE-70BD-3E08-AD71-0421DA3538BE}.RelWithDebInfo|win32.Build.0 = RelWithDebInfo|win32
		{EB05CDC1-A7DB-3380-A669-49370A01547A}.Debug|win32.ActiveCfg = Debug|win32
		{EB05CDC1-A7DB-3380-A669-49370A01547A}.Debug|win32.Build.0 = Debug|win32
		{EB05CDC1-A7DB-3380-A669-49370A01547A}.Release|win32.ActiveCfg = Release|win32
		{EB05CDC1-A7DB-3380-A669-49370A01547A}.Release|win32.Build.0 = Release|win32
		{EB05CDC1-A7DB-3380-A669-49370A01547A}.MinSizeRel|win32.ActiveCfg = MinSizeRel|win32
		{EB05CDC1-A7DB-3380-A669-49370A01547A}.MinSizeRel|win32.Build.0 = MinSizeRel|win32
		{EB05CDC1-A7DB-3380-A669-49370A01547A}.RelWithDebInfo|win32.ActiveCfg = RelWithDebInfo|win32
		{EB05CDC1-A7DB-3380-A669-49370A01547A}.RelWithDebInfo|win32.Build.0 = RelWithDebInfo|win32
		{93F3B453-384F-3396-A6AF-A2B97222ECFA}.Debug|win32.ActiveCfg = Debug|win32
		{93F3B453-384F-3396-A6AF-A2B97222ECFA}.Debug|win32.Build.0 = Debug|win32
		{93F3B453-384F-3396-A6AF-A2B97222ECFA}.Release|win32.ActiveCfg = Release|win32
		{93F3B453-384F-3396-A6AF-A2B97222ECFA}.Release|win32.Build.0 = Release|win32
		{93F3B453-384F-3396-A6AF-A2B97222ECFA}.MinSizeRel|win32.ActiveCfg = MinSizeRel|win32
		{93F3B453-384F-3396-A6AF-A2B97222ECFA}.MinSizeRel|win32.Build.0 = MinSizeRel|win32
		{93F3B453-384F-3396-A6AF-A2B97222ECFA}.RelWithDebInfo|win32.ActiveCfg = RelWithDebInfo|win32
		{93F3B453-384F-3396-A6AF-A2B97222ECFA}.RelWithDebInfo|win32.Build.0 = RelWithDebInfo|win32
	EndGlobalSection
	GlobalSection(NestedProjects) = preSolution
		{AAA24B9D-507B-32D2-A200-C3B28CBB9C90} = {DE4BAB22-59F6-39F4-A587-2F01974E39D5}
		{06E00081-0D44-3622-B200-FD11AA92BFC4} = {DE4BAB22-59F6-39F4-A587-2F01974E39D5}
		{35512873-86E1-3A66-BB72-CC6E7D6734CA} = {DAA79D56-DA6F-3388-A427-AE69A4C79966}
		{380547FF-1F41-36CC-A328-1DB020E1B7B0} = {DAA79D56-DA6F-3388-A427-AE69A4C79966}
		{7DD1AE55-9C49-3BC7-8C2A-DFE037E3CDB3} = {DAA79D56-DA6F-3388-A427-AE69A4C79966}
		{2B6A06BB-400A-323F-BFB5-FC2705164DF3} = {DAA79D56-DA6F-3388-A427-AE69A4C79966}
		{954FDF6B-A49D-343F-AF75-8707A56DCDDF} = {DAA79D56-DA6F-3388-A427-AE69A4C79966}
		{A821EB6C-178E-387C-9BFE-DC4AD3423884} = {DAA79D56-DA6F-3388-A427-AE69A4C79966}
		{DA3D24CD-45BD-3B9E-9249-86783C9A9A6F} = {DAA79D56-DA6F-3388-A427-AE69A4C79966}
		{6982F39A-348B-3A2C-B9EE-3AFD4175B280} = {DAA79D56-DA6F-3388-A427-AE69A4C79966}
		{32D331EE-70BD-3E08-AD71-0421DA3538BE} = {DAA79D56-DA6F-3388-A427-AE69A4C79966}
		{EB05CDC1-A7DB-3380-A669-49370A01547A} = {DAA79D56-DA6F-3388-A427-AE69A4C79966}
		{93F3B453-384F-3396-A6AF-A2B97222ECFA} = {DAA79D56-DA6F-3388-A427-AE69A4C79966}
		{300E0603-A9FF-3FA2-9664-1B1EBEDF5120} = {D9E73971-857D-35A2-8ECA-1BBFE63DE84E}
		{D34A909A-D38D-3A47-BEF5-DF59342A6565} = {78DC59BE-3276-3884-B442-A37537DD264C}
	EndGlobalSection
	GlobalSection(ExtensibilityGlobals) = postSolution
		SolutionGuid = {451DE087-095C-3663-9B77-C5F4006D3A91}
	EndGlobalSection
	GlobalSection(ExtensibilityAddIns) = postSolution
	EndGlobalSection
EndGlobal
